
Microsoft Visual Studio Solution File, Format Version 12.00
# Visual Studio 15
VisualStudioVersion = 15.0.28010.2050
MinimumVisualStudioVersion = 10.0.40219.1
Project("{FAE04EC0-301F-11D3-BF4B-00C04F79EFBC}") = "GFXExtract", "GFXExtract\GFXExtract.csproj", "{40E0BA52-AE91-4DFB-BD81-60D3ED1F2914}"
EndProject
Global
	GlobalSection(SolutionConfigurationPlatforms) = preSolution
		Debug|Any CPU = Debug|Any CPU
		Release|Any CPU = Release|Any CPU
	EndGlobalSection
	GlobalSection(ProjectConfigurationPlatforms) = postSolution
		{40E0BA52-AE91-4DFB-BD81-60D3ED1F2914}.Debug|Any CPU.ActiveCfg = Debug|Any CPU
		{40E0BA52-AE91-4DFB-BD81-60D3ED1F2914}.Debug|Any CPU.Build.0 = Debug|Any CPU
		{40E0BA52-AE91-4DFB-BD81-60D3ED1F2914}.Release|Any CPU.ActiveCfg = Release|Any CPU
		{40E0BA52-AE91-4DFB-BD81-60D3ED1F2914}.Release|Any CPU.Build.0 = Release|Any CPU
	EndGlobalSection
	GlobalSection(SolutionProperties) = preSolution
		HideSolutionNode = FALSE
	EndGlobalSection
	GlobalSection(ExtensibilityGlobals) = postSolution
		SolutionGuid = {58A559E6-F2EA-4AD4-A48C-C926CC9825B6}
	EndGlobalSection
EndGlobal
